
Microsoft Visual Studio Solution File, Format Version 12.00
# Visual Studio Version 17
VisualStudioVersion = 17.4.33213.308
MinimumVisualStudioVersion = 10.0.40219.1
Project("{FAE04EC0-301F-11D3-BF4B-00C04F79EFBC}") = "RazorPages", "RazorPages\RazorPages.csproj", "{642D3F18-721B-4AB8-BB63-17F4F3DBFBE2}"
EndProject
Project("{FAE04EC0-301F-11D3-BF4B-00C04F79EFBC}") = "MVC", "MVC\MVC.csproj", "{28FDC3CE-8DE0-46EC-9617-D21825945316}"
EndProject
Project("{FAE04EC0-301F-11D3-BF4B-00C04F79EFBC}") = "API", "API\API.csproj", "{27C7217E-6931-4AE2-BC87-FA36BC7ABF65}"
EndProject
Project("{FAE04EC0-301F-11D3-BF4B-00C04F79EFBC}") = "MinimalApi", "MinimalApi\MinimalApi.csproj", "{6F7FF3E6-134D-4F35-BCA7-33229C35BFF6}"
EndProject
Project("{FAE04EC0-301F-11D3-BF4B-00C04F79EFBC}") = "BlazorServer", "BlazorServer\BlazorServer.csproj", "{065DD051-8AF5-4A1D-93DE-8383445D6C7F}"
EndProject
Project("{FAE04EC0-301F-11D3-BF4B-00C04F79EFBC}") = "BlazorWasm", "BlazorWasm\BlazorWasm.csproj", "{3B9FAACE-6075-4B76-8F82-0924DAEA286D}"
EndProject
Global
	GlobalSection(SolutionConfigurationPlatforms) = preSolution
		Debug|Any CPU = Debug|Any CPU
		Release|Any CPU = Release|Any CPU
	EndGlobalSection
	GlobalSection(ProjectConfigurationPlatforms) = postSolution
		{642D3F18-721B-4AB8-BB63-17F4F3DBFBE2}.Debug|Any CPU.ActiveCfg = Debug|Any CPU
		{642D3F18-721B-4AB8-BB63-17F4F3DBFBE2}.Debug|Any CPU.Build.0 = Debug|Any CPU
		{642D3F18-721B-4AB8-BB63-17F4F3DBFBE2}.Release|Any CPU.ActiveCfg = Release|Any CPU
		{642D3F18-721B-4AB8-BB63-17F4F3DBFBE2}.Release|Any CPU.Build.0 = Release|Any CPU
		{28FDC3CE-8DE0-46EC-9617-D21825945316}.Debug|Any CPU.ActiveCfg = Debug|Any CPU
		{28FDC3CE-8DE0-46EC-9617-D21825945316}.Debug|Any CPU.Build.0 = Debug|Any CPU
		{28FDC3CE-8DE0-46EC-9617-D21825945316}.Release|Any CPU.ActiveCfg = Release|Any CPU
		{28FDC3CE-8DE0-46EC-9617-D21825945316}.Release|Any CPU.Build.0 = Release|Any CPU
		{27C7217E-6931-4AE2-BC87-FA36BC7ABF65}.Debug|Any CPU.ActiveCfg = Debug|Any CPU
		{27C7217E-6931-4AE2-BC87-FA36BC7ABF65}.Debug|Any CPU.Build.0 = Debug|Any CPU
		{27C7217E-6931-4AE2-BC87-FA36BC7ABF65}.Release|Any CPU.ActiveCfg = Release|Any CPU
		{27C7217E-6931-4AE2-BC87-FA36BC7ABF65}.Release|Any CPU.Build.0 = Release|Any CPU
		{6F7FF3E6-134D-4F35-BCA7-33229C35BFF6}.Debug|Any CPU.ActiveCfg = Debug|Any CPU
		{6F7FF3E6-134D-4F35-BCA7-33229C35BFF6}.Debug|Any CPU.Build.0 = Debug|Any CPU
		{6F7FF3E6-134D-4F35-BCA7-33229C35BFF6}.Release|Any CPU.ActiveCfg = Release|Any CPU
		{6F7FF3E6-134D-4F35-BCA7-33229C35BFF6}.Release|Any CPU.Build.0 = Release|Any CPU
		{065DD051-8AF5-4A1D-93DE-8383445D6C7F}.Debug|Any CPU.ActiveCfg = Debug|Any CPU
		{065DD051-8AF5-4A1D-93DE-8383445D6C7F}.Debug|Any CPU.Build.0 = Debug|Any CPU
		{065DD051-8AF5-4A1D-93DE-8383445D6C7F}.Release|Any CPU.ActiveCfg = Release|Any CPU
		{065DD051-8AF5-4A1D-93DE-8383445D6C7F}.Release|Any CPU.Build.0 = Release|Any CPU
		{3B9FAACE-6075-4B76-8F82-0924DAEA286D}.Debug|Any CPU.ActiveCfg = Debug|Any CPU
		{3B9FAACE-6075-4B76-8F82-0924DAEA286D}.Debug|Any CPU.Build.0 = Debug|Any CPU
		{3B9FAACE-6075-4B76-8F82-0924DAEA286D}.Release|Any CPU.ActiveCfg = Release|Any CPU
		{3B9FAACE-6075-4B76-8F82-0924DAEA286D}.Release|Any CPU.Build.0 = Release|Any CPU
	EndGlobalSection
	GlobalSection(SolutionProperties) = preSolution
		HideSolutionNode = FALSE
	EndGlobalSection
	GlobalSection(ExtensibilityGlobals) = postSolution
		SolutionGuid = {A002F1F5-8703-41D4-A7FC-55463D7D3CC7}
	EndGlobalSection
EndGlobal
