
Microsoft Visual Studio Solution File, Format Version 12.00
# Visual Studio Version 17
VisualStudioVersion = 17.4.33213.308
MinimumVisualStudioVersion = 10.0.40219.1
Project("{FAE04EC0-301F-11D3-BF4B-00C04F79EFBC}") = "DotNet5", "DotNet5\DotNet5.csproj", "{C01B4F8B-92F9-4DF7-AD71-A8EB671E2101}"
EndProject
Project("{FAE04EC0-301F-11D3-BF4B-00C04F79EFBC}") = "DotNet7", "DotNet7\DotNet7.csproj", "{DEA68E10-184B-4383-B53A-48C3406875CA}"
EndProject
Global
	GlobalSection(SolutionConfigurationPlatforms) = preSolution
		Debug|Any CPU = Debug|Any CPU
		Release|Any CPU = Release|Any CPU
	EndGlobalSection
	GlobalSection(ProjectConfigurationPlatforms) = postSolution
		{C01B4F8B-92F9-4DF7-AD71-A8EB671E2101}.Debug|Any CPU.ActiveCfg = Debug|Any CPU
		{C01B4F8B-92F9-4DF7-AD71-A8EB671E2101}.Debug|Any CPU.Build.0 = Debug|Any CPU
		{C01B4F8B-92F9-4DF7-AD71-A8EB671E2101}.Release|Any CPU.ActiveCfg = Release|Any CPU
		{C01B4F8B-92F9-4DF7-AD71-A8EB671E2101}.Release|Any CPU.Build.0 = Release|Any CPU
		{DEA68E10-184B-4383-B53A-48C3406875CA}.Debug|Any CPU.ActiveCfg = Debug|Any CPU
		{DEA68E10-184B-4383-B53A-48C3406875CA}.Debug|Any CPU.Build.0 = Debug|Any CPU
		{DEA68E10-184B-4383-B53A-48C3406875CA}.Release|Any CPU.ActiveCfg = Release|Any CPU
		{DEA68E10-184B-4383-B53A-48C3406875CA}.Release|Any CPU.Build.0 = Release|Any CPU
	EndGlobalSection
	GlobalSection(SolutionProperties) = preSolution
		HideSolutionNode = FALSE
	EndGlobalSection
	GlobalSection(ExtensibilityGlobals) = postSolution
		SolutionGuid = {21782F4D-90F1-483E-B543-64F0AECC128C}
	EndGlobalSection
EndGlobal
