
Microsoft Visual Studio Solution File, Format Version 12.00
# Visual Studio Version 17
VisualStudioVersion = 17.4.33213.308
MinimumVisualStudioVersion = 10.0.40219.1
Project("{FAE04EC0-301F-11D3-BF4B-00C04F79EFBC}") = "UsingDemo", "UsingDemo\UsingDemo.csproj", "{0F3B5206-1E5A-448D-964B-DD358E90BCD8}"
EndProject
Global
	GlobalSection(SolutionConfigurationPlatforms) = preSolution
		Debug|Any CPU = Debug|Any CPU
		Release|Any CPU = Release|Any CPU
	EndGlobalSection
	GlobalSection(ProjectConfigurationPlatforms) = postSolution
		{0F3B5206-1E5A-448D-964B-DD358E90BCD8}.Debug|Any CPU.ActiveCfg = Debug|Any CPU
		{0F3B5206-1E5A-448D-964B-DD358E90BCD8}.Debug|Any CPU.Build.0 = Debug|Any CPU
		{0F3B5206-1E5A-448D-964B-DD358E90BCD8}.Release|Any CPU.ActiveCfg = Release|Any CPU
		{0F3B5206-1E5A-448D-964B-DD358E90BCD8}.Release|Any CPU.Build.0 = Release|Any CPU
	EndGlobalSection
	GlobalSection(SolutionProperties) = preSolution
		HideSolutionNode = FALSE
	EndGlobalSection
	GlobalSection(ExtensibilityGlobals) = postSolution
		SolutionGuid = {F40A4BDB-F031-4BB9-8C2F-9B0B3111D7E2}
	EndGlobalSection
EndGlobal
