
Microsoft Visual Studio Solution File, Format Version 12.00
# Visual Studio Version 17
VisualStudioVersion = 17.4.33213.308
MinimumVisualStudioVersion = 10.0.40219.1
Project("{FAE04EC0-301F-11D3-BF4B-00C04F79EFBC}") = "RedisApp", "RedisApp\RedisApp.csproj", "{C773C918-6EBE-420E-AE4D-C3995CCB6A9F}"
EndProject
Global
	GlobalSection(SolutionConfigurationPlatforms) = preSolution
		Debug|Any CPU = Debug|Any CPU
		Release|Any CPU = Release|Any CPU
	EndGlobalSection
	GlobalSection(ProjectConfigurationPlatforms) = postSolution
		{C773C918-6EBE-420E-AE4D-C3995CCB6A9F}.Debug|Any CPU.ActiveCfg = Debug|Any CPU
		{C773C918-6EBE-420E-AE4D-C3995CCB6A9F}.Debug|Any CPU.Build.0 = Debug|Any CPU
		{C773C918-6EBE-420E-AE4D-C3995CCB6A9F}.Release|Any CPU.ActiveCfg = Release|Any CPU
		{C773C918-6EBE-420E-AE4D-C3995CCB6A9F}.Release|Any CPU.Build.0 = Release|Any CPU
	EndGlobalSection
	GlobalSection(SolutionProperties) = preSolution
		HideSolutionNode = FALSE
	EndGlobalSection
	GlobalSection(ExtensibilityGlobals) = postSolution
		SolutionGuid = {A62EC59C-A8CD-407F-8D06-1F1968AC30BE}
	EndGlobalSection
EndGlobal
