
Microsoft Visual Studio Solution File, Format Version 12.00
# Visual Studio Version 17
VisualStudioVersion = 17.4.33213.308
MinimumVisualStudioVersion = 10.0.40219.1
Project("{FAE04EC0-301F-11D3-BF4B-00C04F79EFBC}") = "DIinConsole", "DIinConsole\DIinConsole.csproj", "{590E81EE-C894-43B5-827E-3721E0CBF0E7}"
EndProject
Project("{FAE04EC0-301F-11D3-BF4B-00C04F79EFBC}") = "DemoLibrary", "DemoLibrary\DemoLibrary.csproj", "{1C92CCBB-F0A7-4D0F-ACE6-63FD6F51D703}"
EndProject
Global
	GlobalSection(SolutionConfigurationPlatforms) = preSolution
		Debug|Any CPU = Debug|Any CPU
		Release|Any CPU = Release|Any CPU
	EndGlobalSection
	GlobalSection(ProjectConfigurationPlatforms) = postSolution
		{590E81EE-C894-43B5-827E-3721E0CBF0E7}.Debug|Any CPU.ActiveCfg = Debug|Any CPU
		{590E81EE-C894-43B5-827E-3721E0CBF0E7}.Debug|Any CPU.Build.0 = Debug|Any CPU
		{590E81EE-C894-43B5-827E-3721E0CBF0E7}.Release|Any CPU.ActiveCfg = Release|Any CPU
		{590E81EE-C894-43B5-827E-3721E0CBF0E7}.Release|Any CPU.Build.0 = Release|Any CPU
		{1C92CCBB-F0A7-4D0F-ACE6-63FD6F51D703}.Debug|Any CPU.ActiveCfg = Debug|Any CPU
		{1C92CCBB-F0A7-4D0F-ACE6-63FD6F51D703}.Debug|Any CPU.Build.0 = Debug|Any CPU
		{1C92CCBB-F0A7-4D0F-ACE6-63FD6F51D703}.Release|Any CPU.ActiveCfg = Release|Any CPU
		{1C92CCBB-F0A7-4D0F-ACE6-63FD6F51D703}.Release|Any CPU.Build.0 = Release|Any CPU
	EndGlobalSection
	GlobalSection(SolutionProperties) = preSolution
		HideSolutionNode = FALSE
	EndGlobalSection
	GlobalSection(ExtensibilityGlobals) = postSolution
		SolutionGuid = {FBBE9AF1-A551-4BDE-9A99-E1E8CFE2C9D3}
	EndGlobalSection
EndGlobal
